
Microsoft Visual Studio Solution File, Format Version 12.00
Project("{FAE04EC0-301F-11D3-BF4B-00C04F79EFBC}") = "Api", "Api\Api.csproj", "{FB3DCED7-1A48-47EC-AE93-1CCB2BE7EB4C}"
EndProject
Project("{FAE04EC0-301F-11D3-BF4B-00C04F79EFBC}") = "Api.IntegrationTests", "Api.IntegrationTests\Api.IntegrationTests.csproj", "{68C3DCCB-3B32-4848-8058-9D791B68DC5D}"
EndProject
Global
	GlobalSection(SolutionConfigurationPlatforms) = preSolution
		Debug|Any CPU = Debug|Any CPU
		Release|Any CPU = Release|Any CPU
	EndGlobalSection
	GlobalSection(ProjectConfigurationPlatforms) = postSolution
		{FB3DCED7-1A48-47EC-AE93-1CCB2BE7EB4C}.Debug|Any CPU.ActiveCfg = Debug|Any CPU
		{FB3DCED7-1A48-47EC-AE93-1CCB2BE7EB4C}.Debug|Any CPU.Build.0 = Debug|Any CPU
		{FB3DCED7-1A48-47EC-AE93-1CCB2BE7EB4C}.Release|Any CPU.ActiveCfg = Release|Any CPU
		{FB3DCED7-1A48-47EC-AE93-1CCB2BE7EB4C}.Release|Any CPU.Build.0 = Release|Any CPU
		{68C3DCCB-3B32-4848-8058-9D791B68DC5D}.Debug|Any CPU.ActiveCfg = Debug|Any CPU
		{68C3DCCB-3B32-4848-8058-9D791B68DC5D}.Debug|Any CPU.Build.0 = Debug|Any CPU
		{68C3DCCB-3B32-4848-8058-9D791B68DC5D}.Release|Any CPU.ActiveCfg = Release|Any CPU
		{68C3DCCB-3B32-4848-8058-9D791B68DC5D}.Release|Any CPU.Build.0 = Release|Any CPU
	EndGlobalSection
EndGlobal
